<?xml version="1.0" encoding="utf-8"?>
<Project ToolsVersion="4.0" xmlns="http://schemas.microsoft.com/developer/msbuild/2003">
  <ItemGroup>
    <Filter Include="Source Files">
      <UniqueIdentifier>{bf6ec3b1-40f2-4175-973f-c25504de0ffe}</UniqueIdentifier>
    </Filter>
    <Filter Include="Header Files">
      <UniqueIdentifier>{df80d5c0-a508-4738-88e7-5a62d7d27de7}</UniqueIdentifier>
    </Filter>
  </ItemGroup>
  <ItemGroup>
    <ClCompile Include="MMDVMSdr.cpp">
      <Filter>Source Files</Filter>
    </ClCompile>
    <ClCompile Include="SerialPort.cpp">
      <Filter>Source Files</Filter>
    </ClCompile>
    <ClCompile Include="IO.cpp">
      <Filter>Source Files</Filter>
    </ClCompile>
    <ClCompile Include="DMRTX.cpp">
      <Filter>Source Files</Filter>
    </ClCompile>
    <ClCompile Include="DMRSlotType.cpp">
      <Filter>Source Files</Filter>
    </ClCompile>
    <ClCompile Include="SDR.cpp">
      <Filter>Source Files</Filter>
    </ClCompile>
    <ClCompile Include="DMRRX.cpp">
      <Filter>Source Files</Filter>
    </ClCompile>
  </ItemGroup>
  <ItemGroup>
    <ClInclude Include="MMDVMSdr.h">
      <Filter>Header Files</Filter>
    </ClInclude>
    <ClInclude Include="SerialPort.h">
      <Filter>Header Files</Filter>
    </ClInclude>
    <ClInclude Include="GitVersion.h">
      <Filter>Header Files</Filter>
    </ClInclude>
    <ClInclude Include="Config.h">
      <Filter>Header Files</Filter>
    </ClInclude>
    <ClInclude Include="Globals.h">
      <Filter>Header Files</Filter>
    </ClInclude>
    <ClInclude Include="Debug.h">
      <Filter>Header Files</Filter>
    </ClInclude>
    <ClInclude Include="IO.h">
      <Filter>Header Files</Filter>
    </ClInclude>
    <ClInclude Include="DMRSlotType.h">
      <Filter>Header Files</Filter>
    </ClInclude>
    <ClInclude Include="DMRTX.h">
      <Filter>Header Files</Filter>
    </ClInclude>
    <ClInclude Include="DMRDefines.h">
      <Filter>Header Files</Filter>
    </ClInclude>
    <ClInclude Include="SDR.h">
      <Filter>Header Files</Filter>
    </ClInclude>
    <ClInclude Include="DMRRX.h">
      <Filter>Header Files</Filter>
    </ClInclude>
  </ItemGroup>
  <ItemGroup>
    <None Include="Makefile" />
  </ItemGroup>
</Project>